
Microsoft Visual Studio Solution File, Format Version 12.00
Project("{FAE04EC0-301F-11D3-BF4B-00C04F79EFBC}") = "ReverseIntegerChallenge", "ReverseIntegerChallenge\ReverseIntegerChallenge.csproj", "{F998DA25-564C-44B9-8C39-3F0F93CD9384}"
EndProject
Global
	GlobalSection(SolutionConfigurationPlatforms) = preSolution
		Debug|Any CPU = Debug|Any CPU
		Release|Any CPU = Release|Any CPU
	EndGlobalSection
	GlobalSection(ProjectConfigurationPlatforms) = postSolution
		{F998DA25-564C-44B9-8C39-3F0F93CD9384}.Debug|Any CPU.ActiveCfg = Debug|Any CPU
		{F998DA25-564C-44B9-8C39-3F0F93CD9384}.Debug|Any CPU.Build.0 = Debug|Any CPU
		{F998DA25-564C-44B9-8C39-3F0F93CD9384}.Release|Any CPU.ActiveCfg = Release|Any CPU
		{F998DA25-564C-44B9-8C39-3F0F93CD9384}.Release|Any CPU.Build.0 = Release|Any CPU
	EndGlobalSection
EndGlobal
